// !$*UTF8*$!
{
	archiveVersion = 1;
	classes = {
	};
	objectVersion = 48;
	objects = {

/* Begin PBXBuildFile section */
		21271E4B2086F3B1008036A8 /* webPageViewController.swift in Sources */ = {isa = PBXBuildFile; fileRef = 21271E4A2086F3B1008036A8 /* webPageViewController.swift */; };
		2132409720B5BC36002E264F /* HHAWebPageViewController.swift in Sources */ = {isa = PBXBuildFile; fileRef = 2132409620B5BC36002E264F /* HHAWebPageViewController.swift */; };
		21A3B9E920ABB88000CB084A /* tagListViewController2.swift in Sources */ = {isa = PBXBuildFile; fileRef = 21A3B9E820ABB88000CB084A /* tagListViewController2.swift */; };
		21A3B9EB20ABBF8A00CB084A /* detailTableViewController2.swift in Sources */ = {isa = PBXBuildFile; fileRef = 21A3B9EA20ABBF8A00CB084A /* detailTableViewController2.swift */; };
		21EE59D62048E444006A61E6 /* SettingsViewController.swift in Sources */ = {isa = PBXBuildFile; fileRef = 21EE59D52048E444006A61E6 /* SettingsViewController.swift */; };
		469A107020C70804007B7808 /* HealthKit.framework in Frameworks */ = {isa = PBXBuildFile; fileRef = 469A106F20C70804007B7808 /* HealthKit.framework */; };
		6418EE8A202D64210040E62C /* XYMarkerView.swift in Sources */ = {isa = PBXBuildFile; fileRef = 6418EE89202D64210040E62C /* XYMarkerView.swift */; };
		6418EE8C202D64650040E62C /* BalloonMarker.swift in Sources */ = {isa = PBXBuildFile; fileRef = 6418EE8B202D64650040E62C /* BalloonMarker.swift */; };
		6418EE8E202D64BF0040E62C /* DateValueFormatter.swift in Sources */ = {isa = PBXBuildFile; fileRef = 6418EE8D202D64BF0040E62C /* DateValueFormatter.swift */; };
		6470F0682024942F006B1F2F /* AppDelegate.swift in Sources */ = {isa = PBXBuildFile; fileRef = 6470F0672024942F006B1F2F /* AppDelegate.swift */; };
		6470F06A2024942F006B1F2F /* ViewController.swift in Sources */ = {isa = PBXBuildFile; fileRef = 6470F0692024942F006B1F2F /* ViewController.swift */; };
		6470F06D2024942F006B1F2F /* Main.storyboard in Resources */ = {isa = PBXBuildFile; fileRef = 6470F06B2024942F006B1F2F /* Main.storyboard */; };
		6470F06F2024942F006B1F2F /* Assets.xcassets in Resources */ = {isa = PBXBuildFile; fileRef = 6470F06E2024942F006B1F2F /* Assets.xcassets */; };
		6470F0722024942F006B1F2F /* LaunchScreen.storyboard in Resources */ = {isa = PBXBuildFile; fileRef = 6470F0702024942F006B1F2F /* LaunchScreen.storyboard */; };
		6470F0772024942F006B1F2F /* Cardiapp WatchKit App.app in Embed Watch Content */ = {isa = PBXBuildFile; fileRef = 6470F0762024942F006B1F2F /* Cardiapp WatchKit App.app */; };
		6470F07D2024942F006B1F2F /* Interface.storyboard in Resources */ = {isa = PBXBuildFile; fileRef = 6470F07B2024942F006B1F2F /* Interface.storyboard */; };
		6470F07F2024942F006B1F2F /* Assets.xcassets in Resources */ = {isa = PBXBuildFile; fileRef = 6470F07E2024942F006B1F2F /* Assets.xcassets */; };
		6470F0862024942F006B1F2F /* Cardiapp WatchKit Extension.appex in Embed App Extensions */ = {isa = PBXBuildFile; fileRef = 6470F0852024942F006B1F2F /* Cardiapp WatchKit Extension.appex */; settings = {ATTRIBUTES = (RemoveHeadersOnCopy, ); }; };
		6470F08B2024942F006B1F2F /* InterfaceController.swift in Sources */ = {isa = PBXBuildFile; fileRef = 6470F08A2024942F006B1F2F /* InterfaceController.swift */; };
		6470F08D2024942F006B1F2F /* ExtensionDelegate.swift in Sources */ = {isa = PBXBuildFile; fileRef = 6470F08C2024942F006B1F2F /* ExtensionDelegate.swift */; };
		6470F08F2024942F006B1F2F /* NotificationController.swift in Sources */ = {isa = PBXBuildFile; fileRef = 6470F08E2024942F006B1F2F /* NotificationController.swift */; };
		6470F0912024942F006B1F2F /* ComplicationController.swift in Sources */ = {isa = PBXBuildFile; fileRef = 6470F0902024942F006B1F2F /* ComplicationController.swift */; };
		6470F0932024942F006B1F2F /* Assets.xcassets in Resources */ = {isa = PBXBuildFile; fileRef = 6470F0922024942F006B1F2F /* Assets.xcassets */; };
		6470F0A620249678006B1F2F /* tagSummaryViewController.swift in Sources */ = {isa = PBXBuildFile; fileRef = 6470F0A320249677006B1F2F /* tagSummaryViewController.swift */; };
		6470F0A720249678006B1F2F /* HeartProfileViewController.swift in Sources */ = {isa = PBXBuildFile; fileRef = 6470F0A420249677006B1F2F /* HeartProfileViewController.swift */; };
		6470F0AB20249706006B1F2F /* Cardiapp.xcdatamodeld in Sources */ = {isa = PBXBuildFile; fileRef = 6470F0A920249706006B1F2F /* Cardiapp.xcdatamodeld */; };
		648817DC208907AB00CD3BF8 /* CalendarPageController.swift in Sources */ = {isa = PBXBuildFile; fileRef = 648817DB208907AB00CD3BF8 /* CalendarPageController.swift */; };
		648817DE208907B800CD3BF8 /* CustomCell.swift in Sources */ = {isa = PBXBuildFile; fileRef = 648817DD208907B700CD3BF8 /* CustomCell.swift */; };
		64945A5120BE6766004A8DE7 /* jsonMode.swift in Sources */ = {isa = PBXBuildFile; fileRef = 64945A5020BE6766004A8DE7 /* jsonMode.swift */; };
		64C3092D202AC3B000DD9AB7 /* HealthKit.framework in Frameworks */ = {isa = PBXBuildFile; fileRef = 64C3092C202AC3B000DD9AB7 /* HealthKit.framework */; };
		64C30931202ACA5800DD9AB7 /* HKBiologicalSex+StringRepresentation.swift in Sources */ = {isa = PBXBuildFile; fileRef = 64C30930202ACA5800DD9AB7 /* HKBiologicalSex+StringRepresentation.swift */; };
		64E5C4CA20ADE7D20095B9C8 /* heartHealthyAdviceController.swift in Sources */ = {isa = PBXBuildFile; fileRef = 64E5C4C920ADE7D20095B9C8 /* heartHealthyAdviceController.swift */; };
		CD822A9454C9247212BCD1FD /* Pods_Cardiapp.framework in Frameworks */ = {isa = PBXBuildFile; fileRef = 6C85F790B36C62E28278AAFF /* Pods_Cardiapp.framework */; };
/* End PBXBuildFile section */

/* Begin PBXContainerItemProxy section */
		6470F0782024942F006B1F2F /* PBXContainerItemProxy */ = {
			isa = PBXContainerItemProxy;
			containerPortal = 6470F05C2024942F006B1F2F /* Project object */;
			proxyType = 1;
			remoteGlobalIDString = 6470F0752024942F006B1F2F;
			remoteInfo = "Cardiapp WatchKit App";
		};
		6470F0872024942F006B1F2F /* PBXContainerItemProxy */ = {
			isa = PBXContainerItemProxy;
			containerPortal = 6470F05C2024942F006B1F2F /* Project object */;
			proxyType = 1;
			remoteGlobalIDString = 6470F0842024942F006B1F2F;
			remoteInfo = "Cardiapp WatchKit Extension";
		};
/* End PBXContainerItemProxy section */

/* Begin PBXCopyFilesBuildPhase section */
		6470F09B2024942F006B1F2F /* Embed App Extensions */ = {
			isa = PBXCopyFilesBuildPhase;
			buildActionMask = 2147483647;
			dstPath = "";
			dstSubfolderSpec = 13;
			files = (
				6470F0862024942F006B1F2F /* Cardiapp WatchKit Extension.appex in Embed App Extensions */,
			);
			name = "Embed App Extensions";
			runOnlyForDeploymentPostprocessing = 0;
		};
		6470F09F2024942F006B1F2F /* Embed Watch Content */ = {
			isa = PBXCopyFilesBuildPhase;
			buildActionMask = 2147483647;
			dstPath = "$(CONTENTS_FOLDER_PATH)/Watch";
			dstSubfolderSpec = 16;
			files = (
				6470F0772024942F006B1F2F /* Cardiapp WatchKit App.app in Embed Watch Content */,
			);
			name = "Embed Watch Content";
			runOnlyForDeploymentPostprocessing = 0;
		};
/* End PBXCopyFilesBuildPhase section */

/* Begin PBXFileReference section */
		17B8182A2A1158AF201EDC54 /* Pods-Cardiapp.debug.xcconfig */ = {isa = PBXFileReference; includeInIndex = 1; lastKnownFileType = text.xcconfig; name = "Pods-Cardiapp.debug.xcconfig"; path = "Pods/Target Support Files/Pods-Cardiapp/Pods-Cardiapp.debug.xcconfig"; sourceTree = "<group>"; };
		21271E4A2086F3B1008036A8 /* webPageViewController.swift */ = {isa = PBXFileReference; lastKnownFileType = sourcecode.swift; path = webPageViewController.swift; sourceTree = "<group>"; };
		2132409620B5BC36002E264F /* HHAWebPageViewController.swift */ = {isa = PBXFileReference; lastKnownFileType = sourcecode.swift; path = HHAWebPageViewController.swift; sourceTree = "<group>"; };
		21A3B9E820ABB88000CB084A /* tagListViewController2.swift */ = {isa = PBXFileReference; lastKnownFileType = sourcecode.swift; path = tagListViewController2.swift; sourceTree = "<group>"; };
		21A3B9EA20ABBF8A00CB084A /* detailTableViewController2.swift */ = {isa = PBXFileReference; lastKnownFileType = sourcecode.swift; path = detailTableViewController2.swift; sourceTree = "<group>"; };
		21EE59D52048E444006A61E6 /* SettingsViewController.swift */ = {isa = PBXFileReference; lastKnownFileType = sourcecode.swift; path = SettingsViewController.swift; sourceTree = "<group>"; };
		462663BD203DB821000D4001 /* Cardiapp WatchKit App-Bridging-Header.h */ = {isa = PBXFileReference; lastKnownFileType = sourcecode.c.h; path = "Cardiapp WatchKit App-Bridging-Header.h"; sourceTree = "<group>"; };
		469A106E20C70803007B7808 /* Cardiapp WatchKit Extension.entitlements */ = {isa = PBXFileReference; lastKnownFileType = text.plist.entitlements; path = "Cardiapp WatchKit Extension.entitlements"; sourceTree = "<group>"; };
		469A106F20C70804007B7808 /* HealthKit.framework */ = {isa = PBXFileReference; lastKnownFileType = wrapper.framework; name = HealthKit.framework; path = Platforms/WatchOS.platform/Developer/SDKs/WatchOS4.3.sdk/System/Library/Frameworks/HealthKit.framework; sourceTree = DEVELOPER_DIR; };
		6418EE89202D64210040E62C /* XYMarkerView.swift */ = {isa = PBXFileReference; lastKnownFileType = sourcecode.swift; path = XYMarkerView.swift; sourceTree = "<group>"; };
		6418EE8B202D64650040E62C /* BalloonMarker.swift */ = {isa = PBXFileReference; lastKnownFileType = sourcecode.swift; path = BalloonMarker.swift; sourceTree = "<group>"; };
		6418EE8D202D64BF0040E62C /* DateValueFormatter.swift */ = {isa = PBXFileReference; lastKnownFileType = sourcecode.swift; path = DateValueFormatter.swift; sourceTree = "<group>"; };
		6470F0642024942F006B1F2F /* Cardiapp.app */ = {isa = PBXFileReference; explicitFileType = wrapper.application; includeInIndex = 0; path = Cardiapp.app; sourceTree = BUILT_PRODUCTS_DIR; };
		6470F0672024942F006B1F2F /* AppDelegate.swift */ = {isa = PBXFileReference; lastKnownFileType = sourcecode.swift; path = AppDelegate.swift; sourceTree = "<group>"; };
		6470F0692024942F006B1F2F /* ViewController.swift */ = {isa = PBXFileReference; lastKnownFileType = sourcecode.swift; path = ViewController.swift; sourceTree = "<group>"; };
		6470F06C2024942F006B1F2F /* Base */ = {isa = PBXFileReference; lastKnownFileType = file.storyboard; name = Base; path = Base.lproj/Main.storyboard; sourceTree = "<group>"; };
		6470F06E2024942F006B1F2F /* Assets.xcassets */ = {isa = PBXFileReference; lastKnownFileType = folder.assetcatalog; path = Assets.xcassets; sourceTree = "<group>"; };
		6470F0712024942F006B1F2F /* Base */ = {isa = PBXFileReference; lastKnownFileType = file.storyboard; name = Base; path = Base.lproj/LaunchScreen.storyboard; sourceTree = "<group>"; };
		6470F0732024942F006B1F2F /* Info.plist */ = {isa = PBXFileReference; lastKnownFileType = text.plist.xml; path = Info.plist; sourceTree = "<group>"; };
		6470F0762024942F006B1F2F /* Cardiapp WatchKit App.app */ = {isa = PBXFileReference; explicitFileType = wrapper.application; includeInIndex = 0; path = "Cardiapp WatchKit App.app"; sourceTree = BUILT_PRODUCTS_DIR; };
		6470F07C2024942F006B1F2F /* Base */ = {isa = PBXFileReference; lastKnownFileType = file.storyboard; name = Base; path = Base.lproj/Interface.storyboard; sourceTree = "<group>"; };
		6470F07E2024942F006B1F2F /* Assets.xcassets */ = {isa = PBXFileReference; lastKnownFileType = folder.assetcatalog; path = Assets.xcassets; sourceTree = "<group>"; };
		6470F0802024942F006B1F2F /* Info.plist */ = {isa = PBXFileReference; lastKnownFileType = text.plist.xml; path = Info.plist; sourceTree = "<group>"; };
		6470F0852024942F006B1F2F /* Cardiapp WatchKit Extension.appex */ = {isa = PBXFileReference; explicitFileType = "wrapper.app-extension"; includeInIndex = 0; path = "Cardiapp WatchKit Extension.appex"; sourceTree = BUILT_PRODUCTS_DIR; };
		6470F08A2024942F006B1F2F /* InterfaceController.swift */ = {isa = PBXFileReference; lastKnownFileType = sourcecode.swift; path = InterfaceController.swift; sourceTree = "<group>"; };
		6470F08C2024942F006B1F2F /* ExtensionDelegate.swift */ = {isa = PBXFileReference; lastKnownFileType = sourcecode.swift; path = ExtensionDelegate.swift; sourceTree = "<group>"; };
		6470F08E2024942F006B1F2F /* NotificationController.swift */ = {isa = PBXFileReference; lastKnownFileType = sourcecode.swift; path = NotificationController.swift; sourceTree = "<group>"; };
		6470F0902024942F006B1F2F /* ComplicationController.swift */ = {isa = PBXFileReference; lastKnownFileType = sourcecode.swift; path = ComplicationController.swift; sourceTree = "<group>"; };
		6470F0922024942F006B1F2F /* Assets.xcassets */ = {isa = PBXFileReference; lastKnownFileType = folder.assetcatalog; path = Assets.xcassets; sourceTree = "<group>"; };
		6470F0942024942F006B1F2F /* Info.plist */ = {isa = PBXFileReference; lastKnownFileType = text.plist.xml; path = Info.plist; sourceTree = "<group>"; };
		6470F0952024942F006B1F2F /* PushNotificationPayload.apns */ = {isa = PBXFileReference; lastKnownFileType = text; path = PushNotificationPayload.apns; sourceTree = "<group>"; };
		6470F0A320249677006B1F2F /* tagSummaryViewController.swift */ = {isa = PBXFileReference; fileEncoding = 4; lastKnownFileType = sourcecode.swift; path = tagSummaryViewController.swift; sourceTree = "<group>"; };
		6470F0A420249677006B1F2F /* HeartProfileViewController.swift */ = {isa = PBXFileReference; fileEncoding = 4; lastKnownFileType = sourcecode.swift; path = HeartProfileViewController.swift; sourceTree = "<group>"; };
		6470F0AA20249706006B1F2F /* Cardiapp.xcdatamodel */ = {isa = PBXFileReference; lastKnownFileType = wrapper.xcdatamodel; path = Cardiapp.xcdatamodel; sourceTree = "<group>"; };
		648817DB208907AB00CD3BF8 /* CalendarPageController.swift */ = {isa = PBXFileReference; fileEncoding = 4; lastKnownFileType = sourcecode.swift; path = CalendarPageController.swift; sourceTree = "<group>"; };
		648817DD208907B700CD3BF8 /* CustomCell.swift */ = {isa = PBXFileReference; fileEncoding = 4; lastKnownFileType = sourcecode.swift; path = CustomCell.swift; sourceTree = "<group>"; };
		64945A5020BE6766004A8DE7 /* jsonMode.swift */ = {isa = PBXFileReference; lastKnownFileType = sourcecode.swift; path = jsonMode.swift; sourceTree = "<group>"; };
		64C3092A202AC3B000DD9AB7 /* Cardiapp.entitlements */ = {isa = PBXFileReference; lastKnownFileType = text.plist.entitlements; path = Cardiapp.entitlements; sourceTree = "<group>"; };
		64C3092C202AC3B000DD9AB7 /* HealthKit.framework */ = {isa = PBXFileReference; lastKnownFileType = wrapper.framework; name = HealthKit.framework; path = System/Library/Frameworks/HealthKit.framework; sourceTree = SDKROOT; };
		64C30930202ACA5800DD9AB7 /* HKBiologicalSex+StringRepresentation.swift */ = {isa = PBXFileReference; lastKnownFileType = sourcecode.swift; path = "HKBiologicalSex+StringRepresentation.swift"; sourceTree = "<group>"; };
		64E5C4C920ADE7D20095B9C8 /* heartHealthyAdviceController.swift */ = {isa = PBXFileReference; lastKnownFileType = sourcecode.swift; path = heartHealthyAdviceController.swift; sourceTree = "<group>"; };
		6C85F790B36C62E28278AAFF /* Pods_Cardiapp.framework */ = {isa = PBXFileReference; explicitFileType = wrapper.framework; includeInIndex = 0; path = Pods_Cardiapp.framework; sourceTree = BUILT_PRODUCTS_DIR; };
		C7F9BEE3C36EE0D65D5C5C6F /* Pods-Cardiapp.release.xcconfig */ = {isa = PBXFileReference; includeInIndex = 1; lastKnownFileType = text.xcconfig; name = "Pods-Cardiapp.release.xcconfig"; path = "Pods/Target Support Files/Pods-Cardiapp/Pods-Cardiapp.release.xcconfig"; sourceTree = "<group>"; };
/* End PBXFileReference section */

/* Begin PBXFrameworksBuildPhase section */
		6470F0612024942F006B1F2F /* Frameworks */ = {
			isa = PBXFrameworksBuildPhase;
			buildActionMask = 2147483647;
			files = (
				64C3092D202AC3B000DD9AB7 /* HealthKit.framework in Frameworks */,
				CD822A9454C9247212BCD1FD /* Pods_Cardiapp.framework in Frameworks */,
			);
			runOnlyForDeploymentPostprocessing = 0;
		};
		6470F0822024942F006B1F2F /* Frameworks */ = {
			isa = PBXFrameworksBuildPhase;
			buildActionMask = 2147483647;
			files = (
				469A107020C70804007B7808 /* HealthKit.framework in Frameworks */,
			);
			runOnlyForDeploymentPostprocessing = 0;
		};
		8DB624B1B55B1D69FE553FD6 /* Frameworks */ = {
			isa = PBXFrameworksBuildPhase;
			buildActionMask = 2147483647;
			files = (
			);
			runOnlyForDeploymentPostprocessing = 0;
		};
/* End PBXFrameworksBuildPhase section */

/* Begin PBXGroup section */
		6470F05B2024942F006B1F2F = {
			isa = PBXGroup;
			children = (
				64C30932202ACA8500DD9AB7 /* HealthKit Extensions */,
				6470F0662024942F006B1F2F /* Cardiapp */,
				6470F07A2024942F006B1F2F /* Cardiapp WatchKit App */,
				6470F0892024942F006B1F2F /* Cardiapp WatchKit Extension */,
				6470F0652024942F006B1F2F /* Products */,
				64C3092B202AC3B000DD9AB7 /* Frameworks */,
				E4F3DC5A216E413BF0207EA8 /* Pods */,
			);
			sourceTree = "<group>";
		};
		6470F0652024942F006B1F2F /* Products */ = {
			isa = PBXGroup;
			children = (
				6470F0642024942F006B1F2F /* Cardiapp.app */,
				6470F0762024942F006B1F2F /* Cardiapp WatchKit App.app */,
				6470F0852024942F006B1F2F /* Cardiapp WatchKit Extension.appex */,
			);
			name = Products;
			sourceTree = "<group>";
		};
		6470F0662024942F006B1F2F /* Cardiapp */ = {
			isa = PBXGroup;
			children = (
				64C3092A202AC3B000DD9AB7 /* Cardiapp.entitlements */,
				6470F0672024942F006B1F2F /* AppDelegate.swift */,
				6470F0692024942F006B1F2F /* ViewController.swift */,
				6470F0A420249677006B1F2F /* HeartProfileViewController.swift */,
				648817DB208907AB00CD3BF8 /* CalendarPageController.swift */,
				648817DD208907B700CD3BF8 /* CustomCell.swift */,
				6470F0A320249677006B1F2F /* tagSummaryViewController.swift */,
				6470F06B2024942F006B1F2F /* Main.storyboard */,
				2132409620B5BC36002E264F /* HHAWebPageViewController.swift */,
				21A3B9EA20ABBF8A00CB084A /* detailTableViewController2.swift */,
				21A3B9E820ABB88000CB084A /* tagListViewController2.swift */,
				21271E4A2086F3B1008036A8 /* webPageViewController.swift */,
				21EE59D52048E444006A61E6 /* SettingsViewController.swift */,
				6470F0A920249706006B1F2F /* Cardiapp.xcdatamodeld */,
				6470F06E2024942F006B1F2F /* Assets.xcassets */,
				6470F0702024942F006B1F2F /* LaunchScreen.storyboard */,
				6470F0732024942F006B1F2F /* Info.plist */,
				6418EE89202D64210040E62C /* XYMarkerView.swift */,
				6418EE8B202D64650040E62C /* BalloonMarker.swift */,
				6418EE8D202D64BF0040E62C /* DateValueFormatter.swift */,
				462663BD203DB821000D4001 /* Cardiapp WatchKit App-Bridging-Header.h */,
				64E5C4C920ADE7D20095B9C8 /* heartHealthyAdviceController.swift */,
				64945A5020BE6766004A8DE7 /* jsonMode.swift */,
			);
			path = Cardiapp;
			sourceTree = "<group>";
		};
		6470F07A2024942F006B1F2F /* Cardiapp WatchKit App */ = {
			isa = PBXGroup;
			children = (
				6470F07B2024942F006B1F2F /* Interface.storyboard */,
				6470F07E2024942F006B1F2F /* Assets.xcassets */,
				6470F0802024942F006B1F2F /* Info.plist */,
			);
			path = "Cardiapp WatchKit App";
			sourceTree = "<group>";
		};
		6470F0892024942F006B1F2F /* Cardiapp WatchKit Extension */ = {
			isa = PBXGroup;
			children = (
				469A106E20C70803007B7808 /* Cardiapp WatchKit Extension.entitlements */,
				6470F08A2024942F006B1F2F /* InterfaceController.swift */,
				6470F08C2024942F006B1F2F /* ExtensionDelegate.swift */,
				6470F08E2024942F006B1F2F /* NotificationController.swift */,
				6470F0902024942F006B1F2F /* ComplicationController.swift */,
				6470F0922024942F006B1F2F /* Assets.xcassets */,
				6470F0942024942F006B1F2F /* Info.plist */,
				6470F0952024942F006B1F2F /* PushNotificationPayload.apns */,
			);
			path = "Cardiapp WatchKit Extension";
			sourceTree = "<group>";
		};
		64C3092B202AC3B000DD9AB7 /* Frameworks */ = {
			isa = PBXGroup;
			children = (
				469A106F20C70804007B7808 /* HealthKit.framework */,
				64C3092C202AC3B000DD9AB7 /* HealthKit.framework */,
				6C85F790B36C62E28278AAFF /* Pods_Cardiapp.framework */,
			);
			name = Frameworks;
			sourceTree = "<group>";
		};
		64C30932202ACA8500DD9AB7 /* HealthKit Extensions */ = {
			isa = PBXGroup;
			children = (
				64C30930202ACA5800DD9AB7 /* HKBiologicalSex+StringRepresentation.swift */,
			);
			path = "HealthKit Extensions";
			sourceTree = "<group>";
		};
		E4F3DC5A216E413BF0207EA8 /* Pods */ = {
			isa = PBXGroup;
			children = (
				17B8182A2A1158AF201EDC54 /* Pods-Cardiapp.debug.xcconfig */,
				C7F9BEE3C36EE0D65D5C5C6F /* Pods-Cardiapp.release.xcconfig */,
			);
			name = Pods;
			sourceTree = "<group>";
		};
/* End PBXGroup section */

/* Begin PBXNativeTarget section */
		6470F0632024942F006B1F2F /* Cardiapp */ = {
			isa = PBXNativeTarget;
			buildConfigurationList = 6470F0A02024942F006B1F2F /* Build configuration list for PBXNativeTarget "Cardiapp" */;
			buildPhases = (
				1A09CE8FC89E7F930989BE7A /* [CP] Check Pods Manifest.lock */,
				6470F0602024942F006B1F2F /* Sources */,
				6470F0612024942F006B1F2F /* Frameworks */,
				6470F0622024942F006B1F2F /* Resources */,
				6470F09F2024942F006B1F2F /* Embed Watch Content */,
				3BDD8FD1F192679A9C7C340A /* [CP] Embed Pods Frameworks */,
				FF582F70D6CD7F5A08455B75 /* [CP] Copy Pods Resources */,
			);
			buildRules = (
			);
			dependencies = (
				6470F0792024942F006B1F2F /* PBXTargetDependency */,
			);
			name = Cardiapp;
			productName = Cardiapp;
			productReference = 6470F0642024942F006B1F2F /* Cardiapp.app */;
			productType = "com.apple.product-type.application";
		};
		6470F0752024942F006B1F2F /* Cardiapp WatchKit App */ = {
			isa = PBXNativeTarget;
			buildConfigurationList = 6470F09C2024942F006B1F2F /* Build configuration list for PBXNativeTarget "Cardiapp WatchKit App" */;
			buildPhases = (
				6470F0742024942F006B1F2F /* Resources */,
				6470F09B2024942F006B1F2F /* Embed App Extensions */,
				8DB624B1B55B1D69FE553FD6 /* Frameworks */,
			);
			buildRules = (
			);
			dependencies = (
				6470F0882024942F006B1F2F /* PBXTargetDependency */,
			);
			name = "Cardiapp WatchKit App";
			productName = "Cardiapp WatchKit App";
			productReference = 6470F0762024942F006B1F2F /* Cardiapp WatchKit App.app */;
			productType = "com.apple.product-type.application.watchapp2";
		};
		6470F0842024942F006B1F2F /* Cardiapp WatchKit Extension */ = {
			isa = PBXNativeTarget;
			buildConfigurationList = 6470F0982024942F006B1F2F /* Build configuration list for PBXNativeTarget "Cardiapp WatchKit Extension" */;
			buildPhases = (
				6470F0812024942F006B1F2F /* Sources */,
				6470F0822024942F006B1F2F /* Frameworks */,
				6470F0832024942F006B1F2F /* Resources */,
			);
			buildRules = (
			);
			dependencies = (
			);
			name = "Cardiapp WatchKit Extension";
			productName = "Cardiapp WatchKit Extension";
			productReference = 6470F0852024942F006B1F2F /* Cardiapp WatchKit Extension.appex */;
			productType = "com.apple.product-type.watchkit2-extension";
		};
/* End PBXNativeTarget section */

/* Begin PBXProject section */
		6470F05C2024942F006B1F2F /* Project object */ = {
			isa = PBXProject;
			attributes = {
				LastSwiftUpdateCheck = 0920;
				LastUpgradeCheck = 0920;
				ORGANIZATIONNAME = "Riverdale Country School";
				TargetAttributes = {
					6470F0632024942F006B1F2F = {
						CreatedOnToolsVersion = 9.2;
						ProvisioningStyle = Automatic;
						SystemCapabilities = {
							com.apple.HealthKit = {
								enabled = 1;
							};
						};
					};
					6470F0752024942F006B1F2F = {
						CreatedOnToolsVersion = 9.2;
						LastSwiftMigration = 0920;
						ProvisioningStyle = Automatic;
					};
					6470F0842024942F006B1F2F = {
						CreatedOnToolsVersion = 9.2;
						ProvisioningStyle = Automatic;
						SystemCapabilities = {
							com.apple.BackgroundModes.watchos.extension = {
								enabled = 1;
							};
							com.apple.HealthKit.watchos = {
								enabled = 1;
							};
						};
					};
				};
			};
			buildConfigurationList = 6470F05F2024942F006B1F2F /* Build configuration list for PBXProject "Cardiapp" */;
			compatibilityVersion = "Xcode 8.0";
			developmentRegion = en;
			hasScannedForEncodings = 0;
			knownRegions = (
				en,
				Base,
			);
			mainGroup = 6470F05B2024942F006B1F2F;
			productRefGroup = 6470F0652024942F006B1F2F /* Products */;
			projectDirPath = "";
			projectRoot = "";
			targets = (
				6470F0632024942F006B1F2F /* Cardiapp */,
				6470F0752024942F006B1F2F /* Cardiapp WatchKit App */,
				6470F0842024942F006B1F2F /* Cardiapp WatchKit Extension */,
			);
		};
/* End PBXProject section */

/* Begin PBXResourcesBuildPhase section */
		6470F0622024942F006B1F2F /* Resources */ = {
			isa = PBXResourcesBuildPhase;
			buildActionMask = 2147483647;
			files = (
				6470F0722024942F006B1F2F /* LaunchScreen.storyboard in Resources */,
				6470F06F2024942F006B1F2F /* Assets.xcassets in Resources */,
				6470F06D2024942F006B1F2F /* Main.storyboard in Resources */,
			);
			runOnlyForDeploymentPostprocessing = 0;
		};
		6470F0742024942F006B1F2F /* Resources */ = {
			isa = PBXResourcesBuildPhase;
			buildActionMask = 2147483647;
			files = (
				6470F07F2024942F006B1F2F /* Assets.xcassets in Resources */,
				6470F07D2024942F006B1F2F /* Interface.storyboard in Resources */,
			);
			runOnlyForDeploymentPostprocessing = 0;
		};
		6470F0832024942F006B1F2F /* Resources */ = {
			isa = PBXResourcesBuildPhase;
			buildActionMask = 2147483647;
			files = (
				6470F0932024942F006B1F2F /* Assets.xcassets in Resources */,
			);
			runOnlyForDeploymentPostprocessing = 0;
		};
/* End PBXResourcesBuildPhase section */

/* Begin PBXShellScriptBuildPhase section */
		1A09CE8FC89E7F930989BE7A /* [CP] Check Pods Manifest.lock */ = {
			isa = PBXShellScriptBuildPhase;
			buildActionMask = 2147483647;
			files = (
			);
			inputPaths = (
				"${PODS_PODFILE_DIR_PATH}/Podfile.lock",
				"${PODS_ROOT}/Manifest.lock",
			);
			name = "[CP] Check Pods Manifest.lock";
			outputPaths = (
				"$(DERIVED_FILE_DIR)/Pods-Cardiapp-checkManifestLockResult.txt",
			);
			runOnlyForDeploymentPostprocessing = 0;
			shellPath = /bin/sh;
			shellScript = "diff \"${PODS_PODFILE_DIR_PATH}/Podfile.lock\" \"${PODS_ROOT}/Manifest.lock\" > /dev/null\nif [ $? != 0 ] ; then\n    # print error to STDERR\n    echo \"error: The sandbox is not in sync with the Podfile.lock. Run 'pod install' or update your CocoaPods installation.\" >&2\n    exit 1\nfi\n# This output is used by Xcode 'outputs' to avoid re-running this script phase.\necho \"SUCCESS\" > \"${SCRIPT_OUTPUT_FILE_0}\"\n";
			showEnvVarsInLog = 0;
		};
		3BDD8FD1F192679A9C7C340A /* [CP] Embed Pods Frameworks */ = {
			isa = PBXShellScriptBuildPhase;
			buildActionMask = 2147483647;
			files = (
			);
			inputPaths = (
				"${SRCROOT}/Pods/Target Support Files/Pods-Cardiapp/Pods-Cardiapp-frameworks.sh",
				"${BUILT_PRODUCTS_DIR}/Charts/Charts.framework",
				"${BUILT_PRODUCTS_DIR}/JTAppleCalendar/JTAppleCalendar.framework",
			);
			name = "[CP] Embed Pods Frameworks";
			outputPaths = (
				"${TARGET_BUILD_DIR}/${FRAMEWORKS_FOLDER_PATH}/Charts.framework",
				"${TARGET_BUILD_DIR}/${FRAMEWORKS_FOLDER_PATH}/JTAppleCalendar.framework",
			);
			runOnlyForDeploymentPostprocessing = 0;
			shellPath = /bin/sh;
			shellScript = "\"${SRCROOT}/Pods/Target Support Files/Pods-Cardiapp/Pods-Cardiapp-frameworks.sh\"\n";
			showEnvVarsInLog = 0;
		};
		FF582F70D6CD7F5A08455B75 /* [CP] Copy Pods Resources */ = {
			isa = PBXShellScriptBuildPhase;
			buildActionMask = 2147483647;
			files = (
			);
			inputPaths = (
			);
			name = "[CP] Copy Pods Resources";
			outputPaths = (
			);
			runOnlyForDeploymentPostprocessing = 0;
			shellPath = /bin/sh;
			shellScript = "\"${SRCROOT}/Pods/Target Support Files/Pods-Cardiapp/Pods-Cardiapp-resources.sh\"\n";
			showEnvVarsInLog = 0;
		};
/* End PBXShellScriptBuildPhase section */

/* Begin PBXSourcesBuildPhase section */
		6470F0602024942F006B1F2F /* Sources */ = {
			isa = PBXSourcesBuildPhase;
			buildActionMask = 2147483647;
			files = (
				6470F06A2024942F006B1F2F /* ViewController.swift in Sources */,
				6470F0682024942F006B1F2F /* AppDelegate.swift in Sources */,
				21EE59D62048E444006A61E6 /* SettingsViewController.swift in Sources */,
				21A3B9E920ABB88000CB084A /* tagListViewController2.swift in Sources */,
				648817DC208907AB00CD3BF8 /* CalendarPageController.swift in Sources */,
				6470F0A720249678006B1F2F /* HeartProfileViewController.swift in Sources */,
				6418EE8C202D64650040E62C /* BalloonMarker.swift in Sources */,
				21A3B9EB20ABBF8A00CB084A /* detailTableViewController2.swift in Sources */,
				6418EE8A202D64210040E62C /* XYMarkerView.swift in Sources */,
				64E5C4CA20ADE7D20095B9C8 /* heartHealthyAdviceController.swift in Sources */,
				64C30931202ACA5800DD9AB7 /* HKBiologicalSex+StringRepresentation.swift in Sources */,
				6418EE8E202D64BF0040E62C /* DateValueFormatter.swift in Sources */,
				21271E4B2086F3B1008036A8 /* webPageViewController.swift in Sources */,
				6470F0AB20249706006B1F2F /* Cardiapp.xcdatamodeld in Sources */,
				648817DE208907B800CD3BF8 /* CustomCell.swift in Sources */,
				6470F0A620249678006B1F2F /* tagSummaryViewController.swift in Sources */,
				64945A5120BE6766004A8DE7 /* jsonMode.swift in Sources */,
				2132409720B5BC36002E264F /* HHAWebPageViewController.swift in Sources */,
			);
			runOnlyForDeploymentPostprocessing = 0;
		};
		6470F0812024942F006B1F2F /* Sources */ = {
			isa = PBXSourcesBuildPhase;
			buildActionMask = 2147483647;
			files = (
				6470F08F2024942F006B1F2F /* NotificationController.swift in Sources */,
				6470F0912024942F006B1F2F /* ComplicationController.swift in Sources */,
				6470F08D2024942F006B1F2F /* ExtensionDelegate.swift in Sources */,
				6470F08B2024942F006B1F2F /* InterfaceController.swift in Sources */,
			);
			runOnlyForDeploymentPostprocessing = 0;
		};
/* End PBXSourcesBuildPhase section */

/* Begin PBXTargetDependency section */
		6470F0792024942F006B1F2F /* PBXTargetDependency */ = {
			isa = PBXTargetDependency;
			target = 6470F0752024942F006B1F2F /* Cardiapp WatchKit App */;
			targetProxy = 6470F0782024942F006B1F2F /* PBXContainerItemProxy */;
		};
		6470F0882024942F006B1F2F /* PBXTargetDependency */ = {
			isa = PBXTargetDependency;
			target = 6470F0842024942F006B1F2F /* Cardiapp WatchKit Extension */;
			targetProxy = 6470F0872024942F006B1F2F /* PBXContainerItemProxy */;
		};
/* End PBXTargetDependency section */

/* Begin PBXVariantGroup section */
		6470F06B2024942F006B1F2F /* Main.storyboard */ = {
			isa = PBXVariantGroup;
			children = (
				6470F06C2024942F006B1F2F /* Base */,
			);
			name = Main.storyboard;
			sourceTree = "<group>";
		};
		6470F0702024942F006B1F2F /* LaunchScreen.storyboard */ = {
			isa = PBXVariantGroup;
			children = (
				6470F0712024942F006B1F2F /* Base */,
			);
			name = LaunchScreen.storyboard;
			sourceTree = "<group>";
		};
		6470F07B2024942F006B1F2F /* Interface.storyboard */ = {
			isa = PBXVariantGroup;
			children = (
				6470F07C2024942F006B1F2F /* Base */,
			);
			name = Interface.storyboard;
			sourceTree = "<group>";
		};
/* End PBXVariantGroup section */

/* Begin XCBuildConfiguration section */
		6470F0962024942F006B1F2F /* Debug */ = {
			isa = XCBuildConfiguration;
			buildSettings = {
				ALWAYS_SEARCH_USER_PATHS = NO;
				CLANG_ANALYZER_NONNULL = YES;
				CLANG_ANALYZER_NUMBER_OBJECT_CONVERSION = YES_AGGRESSIVE;
				CLANG_CXX_LANGUAGE_STANDARD = "gnu++14";
				CLANG_CXX_LIBRARY = "libc++";
				CLANG_ENABLE_MODULES = YES;
				CLANG_ENABLE_OBJC_ARC = YES;
				CLANG_WARN_BLOCK_CAPTURE_AUTORELEASING = YES;
				CLANG_WARN_BOOL_CONVERSION = YES;
				CLANG_WARN_COMMA = YES;
				CLANG_WARN_CONSTANT_CONVERSION = YES;
				CLANG_WARN_DIRECT_OBJC_ISA_USAGE = YES_ERROR;
				CLANG_WARN_DOCUMENTATION_COMMENTS = YES;
				CLANG_WARN_EMPTY_BODY = YES;
				CLANG_WARN_ENUM_CONVERSION = YES;
				CLANG_WARN_INFINITE_RECURSION = YES;
				CLANG_WARN_INT_CONVERSION = YES;
				CLANG_WARN_NON_LITERAL_NULL_CONVERSION = YES;
				CLANG_WARN_OBJC_LITERAL_CONVERSION = YES;
				CLANG_WARN_OBJC_ROOT_CLASS = YES_ERROR;
				CLANG_WARN_RANGE_LOOP_ANALYSIS = YES;
				CLANG_WARN_STRICT_PROTOTYPES = YES;
				CLANG_WARN_SUSPICIOUS_MOVE = YES;
				CLANG_WARN_UNGUARDED_AVAILABILITY = YES_AGGRESSIVE;
				CLANG_WARN_UNREACHABLE_CODE = YES;
				CLANG_WARN__DUPLICATE_METHOD_MATCH = YES;
				CODE_SIGN_IDENTITY = "iPhone Developer";
				COPY_PHASE_STRIP = NO;
				DEBUG_INFORMATION_FORMAT = dwarf;
				ENABLE_STRICT_OBJC_MSGSEND = YES;
				ENABLE_TESTABILITY = YES;
				GCC_C_LANGUAGE_STANDARD = gnu11;
				GCC_DYNAMIC_NO_PIC = NO;
				GCC_NO_COMMON_BLOCKS = YES;
				GCC_OPTIMIZATION_LEVEL = 0;
				GCC_PREPROCESSOR_DEFINITIONS = (
					"DEBUG=1",
					"$(inherited)",
				);
				GCC_WARN_64_TO_32_BIT_CONVERSION = YES;
				GCC_WARN_ABOUT_RETURN_TYPE = YES_ERROR;
				GCC_WARN_UNDECLARED_SELECTOR = YES;
				GCC_WARN_UNINITIALIZED_AUTOS = YES_AGGRESSIVE;
				GCC_WARN_UNUSED_FUNCTION = YES;
				GCC_WARN_UNUSED_VARIABLE = YES;
				IPHONEOS_DEPLOYMENT_TARGET = 11.2;
				MTL_ENABLE_DEBUG_INFO = YES;
				ONLY_ACTIVE_ARCH = YES;
				SDKROOT = iphoneos;
				SWIFT_ACTIVE_COMPILATION_CONDITIONS = DEBUG;
				SWIFT_OPTIMIZATION_LEVEL = "-Onone";
			};
			name = Debug;
		};
		6470F0972024942F006B1F2F /* Release */ = {
			isa = XCBuildConfiguration;
			buildSettings = {
				ALWAYS_SEARCH_USER_PATHS = NO;
				CLANG_ANALYZER_NONNULL = YES;
				CLANG_ANALYZER_NUMBER_OBJECT_CONVERSION = YES_AGGRESSIVE;
				CLANG_CXX_LANGUAGE_STANDARD = "gnu++14";
				CLANG_CXX_LIBRARY = "libc++";
				CLANG_ENABLE_MODULES = YES;
				CLANG_ENABLE_OBJC_ARC = YES;
				CLANG_WARN_BLOCK_CAPTURE_AUTORELEASING = YES;
				CLANG_WARN_BOOL_CONVERSION = YES;
				CLANG_WARN_COMMA = YES;
				CLANG_WARN_CONSTANT_CONVERSION = YES;
				CLANG_WARN_DIRECT_OBJC_ISA_USAGE = YES_ERROR;
				CLANG_WARN_DOCUMENTATION_COMMENTS = YES;
				CLANG_WARN_EMPTY_BODY = YES;
				CLANG_WARN_ENUM_CONVERSION = YES;
				CLANG_WARN_INFINITE_RECURSION = YES;
				CLANG_WARN_INT_CONVERSION = YES;
				CLANG_WARN_NON_LITERAL_NULL_CONVERSION = YES;
				CLANG_WARN_OBJC_LITERAL_CONVERSION = YES;
				CLANG_WARN_OBJC_ROOT_CLASS = YES_ERROR;
				CLANG_WARN_RANGE_LOOP_ANALYSIS = YES;
				CLANG_WARN_STRICT_PROTOTYPES = YES;
				CLANG_WARN_SUSPICIOUS_MOVE = YES;
				CLANG_WARN_UNGUARDED_AVAILABILITY = YES_AGGRESSIVE;
				CLANG_WARN_UNREACHABLE_CODE = YES;
				CLANG_WARN__DUPLICATE_METHOD_MATCH = YES;
				CODE_SIGN_IDENTITY = "iPhone Developer";
				COPY_PHASE_STRIP = NO;
				DEBUG_INFORMATION_FORMAT = "dwarf-with-dsym";
				ENABLE_NS_ASSERTIONS = NO;
				ENABLE_STRICT_OBJC_MSGSEND = YES;
				GCC_C_LANGUAGE_STANDARD = gnu11;
				GCC_NO_COMMON_BLOCKS = YES;
				GCC_WARN_64_TO_32_BIT_CONVERSION = YES;
				GCC_WARN_ABOUT_RETURN_TYPE = YES_ERROR;
				GCC_WARN_UNDECLARED_SELECTOR = YES;
				GCC_WARN_UNINITIALIZED_AUTOS = YES_AGGRESSIVE;
				GCC_WARN_UNUSED_FUNCTION = YES;
				GCC_WARN_UNUSED_VARIABLE = YES;
				IPHONEOS_DEPLOYMENT_TARGET = 11.2;
				MTL_ENABLE_DEBUG_INFO = NO;
				SDKROOT = iphoneos;
				SWIFT_OPTIMIZATION_LEVEL = "-Owholemodule";
				VALIDATE_PRODUCT = YES;
			};
			name = Release;
		};
		6470F0992024942F006B1F2F /* Debug */ = {
			isa = XCBuildConfiguration;
			buildSettings = {
				ASSETCATALOG_COMPILER_COMPLICATION_NAME = Complication;
				CODE_SIGN_ENTITLEMENTS = "Cardiapp WatchKit Extension/Cardiapp WatchKit Extension.entitlements";
				CODE_SIGN_STYLE = Automatic;
				DEVELOPMENT_TEAM = GSUY264A2V;
				INFOPLIST_FILE = "Cardiapp WatchKit Extension/Info.plist";
				LD_RUNPATH_SEARCH_PATHS = "$(inherited) @executable_path/Frameworks @executable_path/../../Frameworks";
				PRODUCT_BUNDLE_IDENTIFIER = edu.riverdale.cardiapptest.watchkitapp.watchkitextension;
				PRODUCT_NAME = "${TARGET_NAME}";
				SDKROOT = watchos;
				SKIP_INSTALL = YES;
				SWIFT_VERSION = 4.0;
				TARGETED_DEVICE_FAMILY = 4;
				WATCHOS_DEPLOYMENT_TARGET = 4.2;
			};
			name = Debug;
		};
		6470F09A2024942F006B1F2F /* Release */ = {
			isa = XCBuildConfiguration;
			buildSettings = {
				ASSETCATALOG_COMPILER_COMPLICATION_NAME = Complication;
				CODE_SIGN_ENTITLEMENTS = "Cardiapp WatchKit Extension/Cardiapp WatchKit Extension.entitlements";
				CODE_SIGN_STYLE = Automatic;
				DEVELOPMENT_TEAM = GSUY264A2V;
				INFOPLIST_FILE = "Cardiapp WatchKit Extension/Info.plist";
				LD_RUNPATH_SEARCH_PATHS = "$(inherited) @executable_path/Frameworks @executable_path/../../Frameworks";
				PRODUCT_BUNDLE_IDENTIFIER = edu.riverdale.cardiapptest.watchkitapp.watchkitextension;
				PRODUCT_NAME = "${TARGET_NAME}";
				SDKROOT = watchos;
				SKIP_INSTALL = YES;
				SWIFT_VERSION = 4.0;
				TARGETED_DEVICE_FAMILY = 4;
				WATCHOS_DEPLOYMENT_TARGET = 4.2;
			};
			name = Release;
		};
		6470F09D2024942F006B1F2F /* Debug */ = {
			isa = XCBuildConfiguration;
			buildSettings = {
				ALWAYS_EMBED_SWIFT_STANDARD_LIBRARIES = YES;
				ASSETCATALOG_COMPILER_APPICON_NAME = AppIcon;
				CLANG_ENABLE_MODULES = YES;
				CODE_SIGN_STYLE = Automatic;
				DEVELOPMENT_TEAM = GSUY264A2V;
				IBSC_MODULE = Cardiapp_WatchKit_Extension;
				INFOPLIST_FILE = "Cardiapp WatchKit App/Info.plist";
				LD_RUNPATH_SEARCH_PATHS = "$(inherited) @executable_path/../Frameworks @loader_path/../Frameworks";
				PRODUCT_BUNDLE_IDENTIFIER = edu.riverdale.cardiapptest.watchkitapp;
				PRODUCT_NAME = "$(TARGET_NAME)";
				SDKROOT = watchos;
				SKIP_INSTALL = YES;
				SWIFT_OBJC_BRIDGING_HEADER = "Cardiapp/Cardiapp WatchKit App-Bridging-Header.h";
				SWIFT_OPTIMIZATION_LEVEL = "-Onone";
				SWIFT_VERSION = 4.0;
				TARGETED_DEVICE_FAMILY = 4;
				WATCHOS_DEPLOYMENT_TARGET = 4.2;
			};
			name = Debug;
		};
		6470F09E2024942F006B1F2F /* Release */ = {
			isa = XCBuildConfiguration;
			buildSettings = {
				ALWAYS_EMBED_SWIFT_STANDARD_LIBRARIES = YES;
				ASSETCATALOG_COMPILER_APPICON_NAME = AppIcon;
				CLANG_ENABLE_MODULES = YES;
				CODE_SIGN_STYLE = Automatic;
				DEVELOPMENT_TEAM = GSUY264A2V;
				IBSC_MODULE = Cardiapp_WatchKit_Extension;
				INFOPLIST_FILE = "Cardiapp WatchKit App/Info.plist";
				LD_RUNPATH_SEARCH_PATHS = "$(inherited) @executable_path/../Frameworks @loader_path/../Frameworks";
				PRODUCT_BUNDLE_IDENTIFIER = edu.riverdale.cardiapptest.watchkitapp;
				PRODUCT_NAME = "$(TARGET_NAME)";
				SDKROOT = watchos;
				SKIP_INSTALL = YES;
				SWIFT_OBJC_BRIDGING_HEADER = "Cardiapp/Cardiapp WatchKit App-Bridging-Header.h";
				SWIFT_VERSION = 4.0;
				TARGETED_DEVICE_FAMILY = 4;
				WATCHOS_DEPLOYMENT_TARGET = 4.2;
			};
			name = Release;
		};
		6470F0A12024942F006B1F2F /* Debug */ = {
			isa = XCBuildConfiguration;
			baseConfigurationReference = 17B8182A2A1158AF201EDC54 /* Pods-Cardiapp.debug.xcconfig */;
			buildSettings = {
				ASSETCATALOG_COMPILER_APPICON_NAME = AppIcon;
				CODE_SIGN_ENTITLEMENTS = Cardiapp/Cardiapp.entitlements;
				"CODE_SIGN_IDENTITY[sdk=iphoneos*]" = "iPhone Developer";
				CODE_SIGN_STYLE = Automatic;
				DEVELOPMENT_TEAM = GSUY264A2V;
				INFOPLIST_FILE = Cardiapp/Info.plist;
				IPHONEOS_DEPLOYMENT_TARGET = 11.0;
				LD_RUNPATH_SEARCH_PATHS = "$(inherited) @executable_path/Frameworks";
				PRODUCT_BUNDLE_IDENTIFIER = edu.riverdale.cardiapptest;
				PRODUCT_NAME = "$(TARGET_NAME)";
				PROVISIONING_PROFILE_SPECIFIER = "";
				SWIFT_VERSION = 4.0;
				TARGETED_DEVICE_FAMILY = 1;
			};
			name = Debug;
		};
		6470F0A22024942F006B1F2F /* Release */ = {
			isa = XCBuildConfiguration;
			baseConfigurationReference = C7F9BEE3C36EE0D65D5C5C6F /* Pods-Cardiapp.release.xcconfig */;
			buildSettings = {
				ASSETCATALOG_COMPILER_APPICON_NAME = AppIcon;
				CODE_SIGN_ENTITLEMENTS = Cardiapp/Cardiapp.entitlements;
				"CODE_SIGN_IDENTITY[sdk=iphoneos*]" = "iPhone Developer";
				CODE_SIGN_STYLE = Automatic;
				DEVELOPMENT_TEAM = GSUY264A2V;
				INFOPLIST_FILE = Cardiapp/Info.plist;
				IPHONEOS_DEPLOYMENT_TARGET = 11.0;
				LD_RUNPATH_SEARCH_PATHS = "$(inherited) @executable_path/Frameworks";
				PRODUCT_BUNDLE_IDENTIFIER = edu.riverdale.cardiapptest;
				PRODUCT_NAME = "$(TARGET_NAME)";
				PROVISIONING_PROFILE_SPECIFIER = "";
				SWIFT_VERSION = 4.0;
				TARGETED_DEVICE_FAMILY = 1;
			};
			name = Release;
		};
/* End XCBuildConfiguration section */

/* Begin XCConfigurationList section */
		6470F05F2024942F006B1F2F /* Build configuration list for PBXProject "Cardiapp" */ = {
			isa = XCConfigurationList;
			buildConfigurations = (
				6470F0962024942F006B1F2F /* Debug */,
				6470F0972024942F006B1F2F /* Release */,
			);
			defaultConfigurationIsVisible = 0;
			defaultConfigurationName = Release;
		};
		6470F0982024942F006B1F2F /* Build configuration list for PBXNativeTarget "Cardiapp WatchKit Extension" */ = {
			isa = XCConfigurationList;
			buildConfigurations = (
				6470F0992024942F006B1F2F /* Debug */,
				6470F09A2024942F006B1F2F /* Release */,
			);
			defaultConfigurationIsVisible = 0;
			defaultConfigurationName = Release;
		};
		6470F09C2024942F006B1F2F /* Build configuration list for PBXNativeTarget "Cardiapp WatchKit App" */ = {
			isa = XCConfigurationList;
			buildConfigurations = (
				6470F09D2024942F006B1F2F /* Debug */,
				6470F09E2024942F006B1F2F /* Release */,
			);
			defaultConfigurationIsVisible = 0;
			defaultConfigurationName = Release;
		};
		6470F0A02024942F006B1F2F /* Build configuration list for PBXNativeTarget "Cardiapp" */ = {
			isa = XCConfigurationList;
			buildConfigurations = (
				6470F0A12024942F006B1F2F /* Debug */,
				6470F0A22024942F006B1F2F /* Release */,
			);
			defaultConfigurationIsVisible = 0;
			defaultConfigurationName = Release;
		};
/* End XCConfigurationList section */

/* Begin XCVersionGroup section */
		6470F0A920249706006B1F2F /* Cardiapp.xcdatamodeld */ = {
			isa = XCVersionGroup;
			children = (
				6470F0AA20249706006B1F2F /* Cardiapp.xcdatamodel */,
			);
			currentVersion = 6470F0AA20249706006B1F2F /* Cardiapp.xcdatamodel */;
			path = Cardiapp.xcdatamodeld;
			sourceTree = "<group>";
			versionGroupType = wrapper.xcdatamodel;
		};
/* End XCVersionGroup section */
	};
	rootObject = 6470F05C2024942F006B1F2F /* Project object */;
}
